// !$*UTF8*$!
{
	archiveVersion = 1;
	classes = {
	};
	objectVersion = 56;
	objects = {

/* Begin PBXBuildFile section */
		F4DADCE429E402AA009E5370 /* AppDelegate.swift in Sources */ = {isa = PBXBuildFile; fileRef = F4DADCE329E402AA009E5370 /* AppDelegate.swift */; };
		F4DADCE629E402AA009E5370 /* SceneDelegate.swift in Sources */ = {isa = PBXBuildFile; fileRef = F4DADCE529E402AA009E5370 /* SceneDelegate.swift */; };
		F4DADCE829E402AA009E5370 /* ViewController.swift in Sources */ = {isa = PBXBuildFile; fileRef = F4DADCE729E402AA009E5370 /* ViewController.swift */; };
		F4DADCEB29E402AA009E5370 /* Main.storyboard in Resources */ = {isa = PBXBuildFile; fileRef = F4DADCE929E402AA009E5370 /* Main.storyboard */; };
		F4DADCED29E402AB009E5370 /* Assets.xcassets in Resources */ = {isa = PBXBuildFile; fileRef = F4DADCEC29E402AB009E5370 /* Assets.xcassets */; };
		F4DADCF029E402AB009E5370 /* LaunchScreen.storyboard in Resources */ = {isa = PBXBuildFile; fileRef = F4DADCEE29E402AB009E5370 /* LaunchScreen.storyboard */; };
		F4DADCFB29E402AB009E5370 /* HapticTests.swift in Sources */ = {isa = PBXBuildFile; fileRef = F4DADCFA29E402AB009E5370 /* HapticTests.swift */; };
		F4DADD0529E402AB009E5370 /* HapticUITests.swift in Sources */ = {isa = PBXBuildFile; fileRef = F4DADD0429E402AB009E5370 /* HapticUITests.swift */; };
		F4DADD0729E402AB009E5370 /* HapticUITestsLaunchTests.swift in Sources */ = {isa = PBXBuildFile; fileRef = F4DADD0629E402AB009E5370 /* HapticUITestsLaunchTests.swift */; };
/* End PBXBuildFile section */

/* Begin PBXContainerItemProxy section */
		F4DADCF729E402AB009E5370 /* PBXContainerItemProxy */ = {
			isa = PBXContainerItemProxy;
			containerPortal = F4DADCD829E402AA009E5370 /* Project object */;
			proxyType = 1;
			remoteGlobalIDString = F4DADCDF29E402AA009E5370;
			remoteInfo = Haptic;
		};
		F4DADD0129E402AB009E5370 /* PBXContainerItemProxy */ = {
			isa = PBXContainerItemProxy;
			containerPortal = F4DADCD829E402AA009E5370 /* Project object */;
			proxyType = 1;
			remoteGlobalIDString = F4DADCDF29E402AA009E5370;
			remoteInfo = Haptic;
		};
/* End PBXContainerItemProxy section */

/* Begin PBXFileReference section */
		F4DADCE029E402AA009E5370 /* Haptic.app */ = {isa = PBXFileReference; explicitFileType = wrapper.application; includeInIndex = 0; path = Haptic.app; sourceTree = BUILT_PRODUCTS_DIR; };
		F4DADCE329E402AA009E5370 /* AppDelegate.swift */ = {isa = PBXFileReference; lastKnownFileType = sourcecode.swift; path = AppDelegate.swift; sourceTree = "<group>"; };
		F4DADCE529E402AA009E5370 /* SceneDelegate.swift */ = {isa = PBXFileReference; lastKnownFileType = sourcecode.swift; path = SceneDelegate.swift; sourceTree = "<group>"; };
		F4DADCE729E402AA009E5370 /* ViewController.swift */ = {isa = PBXFileReference; lastKnownFileType = sourcecode.swift; path = ViewController.swift; sourceTree = "<group>"; };
		F4DADCEA29E402AA009E5370 /* Base */ = {isa = PBXFileReference; lastKnownFileType = file.storyboard; name = Base; path = Base.lproj/Main.storyboard; sourceTree = "<group>"; };
		F4DADCEC29E402AB009E5370 /* Assets.xcassets */ = {isa = PBXFileReference; lastKnownFileType = folder.assetcatalog; path = Assets.xcassets; sourceTree = "<group>"; };
		F4DADCEF29E402AB009E5370 /* Base */ = {isa = PBXFileReference; lastKnownFileType = file.storyboard; name = Base; path = Base.lproj/LaunchScreen.storyboard; sourceTree = "<group>"; };
		F4DADCF129E402AB009E5370 /* Info.plist */ = {isa = PBXFileReference; lastKnownFileType = text.plist.xml; path = Info.plist; sourceTree = "<group>"; };
		F4DADCF629E402AB009E5370 /* HapticTests.xctest */ = {isa = PBXFileReference; explicitFileType = wrapper.cfbundle; includeInIndex = 0; path = HapticTests.xctest; sourceTree = BUILT_PRODUCTS_DIR; };
		F4DADCFA29E402AB009E5370 /* HapticTests.swift */ = {isa = PBXFileReference; lastKnownFileType = sourcecode.swift; path = HapticTests.swift; sourceTree = "<group>"; };
		F4DADD0029E402AB009E5370 /* HapticUITests.xctest */ = {isa = PBXFileReference; explicitFileType = wrapper.cfbundle; includeInIndex = 0; path = HapticUITests.xctest; sourceTree = BUILT_PRODUCTS_DIR; };
		F4DADD0429E402AB009E5370 /* HapticUITests.swift */ = {isa = PBXFileReference; lastKnownFileType = sourcecode.swift; path = HapticUITests.swift; sourceTree = "<group>"; };
		F4DADD0629E402AB009E5370 /* HapticUITestsLaunchTests.swift */ = {isa = PBXFileReference; lastKnownFileType = sourcecode.swift; path = HapticUITestsLaunchTests.swift; sourceTree = "<group>"; };
/* End PBXFileReference section */

/* Begin PBXFrameworksBuildPhase section */
		F4DADCDD29E402AA009E5370 /* Frameworks */ = {
			isa = PBXFrameworksBuildPhase;
			buildActionMask = 2147483647;
			files = (
			);
			runOnlyForDeploymentPostprocessing = 0;
		};
		F4DADCF329E402AB009E5370 /* Frameworks */ = {
			isa = PBXFrameworksBuildPhase;
			buildActionMask = 2147483647;
			files = (
			);
			runOnlyForDeploymentPostprocessing = 0;
		};
		F4DADCFD29E402AB009E5370 /* Frameworks */ = {
			isa = PBXFrameworksBuildPhase;
			buildActionMask = 2147483647;
			files = (
			);
			runOnlyForDeploymentPostprocessing = 0;
		};
/* End PBXFrameworksBuildPhase section */

/* Begin PBXGroup section */
		F4DADCD729E402AA009E5370 = {
			isa = PBXGroup;
			children = (
				F4DADCE229E402AA009E5370 /* Haptic */,
				F4DADCF929E402AB009E5370 /* HapticTests */,
				F4DADD0329E402AB009E5370 /* HapticUITests */,
				F4DADCE129E402AA009E5370 /* Products */,
			);
			sourceTree = "<group>";
		};
		F4DADCE129E402AA009E5370 /* Products */ = {
			isa = PBXGroup;
			children = (
				F4DADCE029E402AA009E5370 /* Haptic.app */,
				F4DADCF629E402AB009E5370 /* HapticTests.xctest */,
				F4DADD0029E402AB009E5370 /* HapticUITests.xctest */,
			);
			name = Products;
			sourceTree = "<group>";
		};
		F4DADCE229E402AA009E5370 /* Haptic */ = {
			isa = PBXGroup;
			children = (
				F4DADCE329E402AA009E5370 /* AppDelegate.swift */,
				F4DADCE529E402AA009E5370 /* SceneDelegate.swift */,
				F4DADCE729E402AA009E5370 /* ViewController.swift */,
				F4DADCE929E402AA009E5370 /* Main.storyboard */,
				F4DADCEC29E402AB009E5370 /* Assets.xcassets */,
				F4DADCEE29E402AB009E5370 /* LaunchScreen.storyboard */,
				F4DADCF129E402AB009E5370 /* Info.plist */,
			);
			path = Haptic;
			sourceTree = "<group>";
		};
		F4DADCF929E402AB009E5370 /* HapticTests */ = {
			isa = PBXGroup;
			children = (
				F4DADCFA29E402AB009E5370 /* HapticTests.swift */,
			);
			path = HapticTests;
			sourceTree = "<group>";
		};
		F4DADD0329E402AB009E5370 /* HapticUITests */ = {
			isa = PBXGroup;
			children = (
				F4DADD0429E402AB009E5370 /* HapticUITests.swift */,
				F4DADD0629E402AB009E5370 /* HapticUITestsLaunchTests.swift */,
			);
			path = HapticUITests;
			sourceTree = "<group>";
		};
/* End PBXGroup section */

/* Begin PBXNativeTarget section */
		F4DADCDF29E402AA009E5370 /* Haptic */ = {
			isa = PBXNativeTarget;
			buildConfigurationList = F4DADD0A29E402AB009E5370 /* Build configuration list for PBXNativeTarget "Haptic" */;
			buildPhases = (
				F4DADCDC29E402AA009E5370 /* Sources */,
				F4DADCDD29E402AA009E5370 /* Frameworks */,
				F4DADCDE29E402AA009E5370 /* Resources */,
			);
			buildRules = (
			);
			dependencies = (
			);
			name = Haptic;
			productName = Haptic;
			productReference = F4DADCE029E402AA009E5370 /* Haptic.app */;
			productType = "com.apple.product-type.application";
		};
		F4DADCF529E402AB009E5370 /* HapticTests */ = {
			isa = PBXNativeTarget;
			buildConfigurationList = F4DADD0D29E402AB009E5370 /* Build configuration list for PBXNativeTarget "HapticTests" */;
			buildPhases = (
				F4DADCF229E402AB009E5370 /* Sources */,
				F4DADCF329E402AB009E5370 /* Frameworks */,
				F4DADCF429E402AB009E5370 /* Resources */,
			);
			buildRules = (
			);
			dependencies = (
				F4DADCF829E402AB009E5370 /* PBXTargetDependency */,
			);
			name = HapticTests;
			productName = HapticTests;
			productReference = F4DADCF629E402AB009E5370 /* HapticTests.xctest */;
			productType = "com.apple.product-type.bundle.unit-test";
		};
		F4DADCFF29E402AB009E5370 /* HapticUITests */ = {
			isa = PBXNativeTarget;
			buildConfigurationList = F4DADD1029E402AB009E5370 /* Build configuration list for PBXNativeTarget "HapticUITests" */;
			buildPhases = (
				F4DADCFC29E402AB009E5370 /* Sources */,
				F4DADCFD29E402AB009E5370 /* Frameworks */,
				F4DADCFE29E402AB009E5370 /* Resources */,
			);
			buildRules = (
			);
			dependencies = (
				F4DADD0229E402AB009E5370 /* PBXTargetDependency */,
			);
			name = HapticUITests;
			productName = HapticUITests;
			productReference = F4DADD0029E402AB009E5370 /* HapticUITests.xctest */;
			productType = "com.apple.product-type.bundle.ui-testing";
		};
/* End PBXNativeTarget section */

/* Begin PBXProject section */
		F4DADCD829E402AA009E5370 /* Project object */ = {
			isa = PBXProject;
			attributes = {
				BuildIndependentTargetsInParallel = 1;
				LastSwiftUpdateCheck = 1420;
				LastUpgradeCheck = 1420;
				TargetAttributes = {
					F4DADCDF29E402AA009E5370 = {
						CreatedOnToolsVersion = 14.2;
					};
					F4DADCF529E402AB009E5370 = {
						CreatedOnToolsVersion = 14.2;
						TestTargetID = F4DADCDF29E402AA009E5370;
					};
					F4DADCFF29E402AB009E5370 = {
						CreatedOnToolsVersion = 14.2;
						TestTargetID = F4DADCDF29E402AA009E5370;
					};
				};
			};
			buildConfigurationList = F4DADCDB29E402AA009E5370 /* Build configuration list for PBXProject "Haptic" */;
			compatibilityVersion = "Xcode 14.0";
			developmentRegion = en;
			hasScannedForEncodings = 0;
			knownRegions = (
				en,
				Base,
			);
			mainGroup = F4DADCD729E402AA009E5370;
			productRefGroup = F4DADCE129E402AA009E5370 /* Products */;
			projectDirPath = "";
			projectRoot = "";
			targets = (
				F4DADCDF29E402AA009E5370 /* Haptic */,
				F4DADCF529E402AB009E5370 /* HapticTests */,
				F4DADCFF29E402AB009E5370 /* HapticUITests */,
			);
		};
/* End PBXProject section */

/* Begin PBXResourcesBuildPhase section */
		F4DADCDE29E402AA009E5370 /* Resources */ = {
			isa = PBXResourcesBuildPhase;
			buildActionMask = 2147483647;
			files = (
				F4DADCF029E402AB009E5370 /* LaunchScreen.storyboard in Resources */,
				F4DADCED29E402AB009E5370 /* Assets.xcassets in Resources */,
				F4DADCEB29E402AA009E5370 /* Main.storyboard in Resources */,
			);
			runOnlyForDeploymentPostprocessing = 0;
		};
		F4DADCF429E402AB009E5370 /* Resources */ = {
			isa = PBXResourcesBuildPhase;
			buildActionMask = 2147483647;
			files = (
			);
			runOnlyForDeploymentPostprocessing = 0;
		};
		F4DADCFE29E402AB009E5370 /* Resources */ = {
			isa = PBXResourcesBuildPhase;
			buildActionMask = 2147483647;
			files = (
			);
			runOnlyForDeploymentPostprocessing = 0;
		};
/* End PBXResourcesBuildPhase section */

/* Begin PBXSourcesBuildPhase section */
		F4DADCDC29E402AA009E5370 /* Sources */ = {
			isa = PBXSourcesBuildPhase;
			buildActionMask = 2147483647;
			files = (
				F4DADCE829E402AA009E5370 /* ViewController.swift in Sources */,
				F4DADCE429E402AA009E5370 /* AppDelegate.swift in Sources */,
				F4DADCE629E402AA009E5370 /* SceneDelegate.swift in Sources */,
			);
			runOnlyForDeploymentPostprocessing = 0;
		};
		F4DADCF229E402AB009E5370 /* Sources */ = {
			isa = PBXSourcesBuildPhase;
			buildActionMask = 2147483647;
			files = (
				F4DADCFB29E402AB009E5370 /* HapticTests.swift in Sources */,
			);
			runOnlyForDeploymentPostprocessing = 0;
		};
		F4DADCFC29E402AB009E5370 /* Sources */ = {
			isa = PBXSourcesBuildPhase;
			buildActionMask = 2147483647;
			files = (
				F4DADD0529E402AB009E5370 /* HapticUITests.swift in Sources */,
				F4DADD0729E402AB009E5370 /* HapticUITestsLaunchTests.swift in Sources */,
			);
			runOnlyForDeploymentPostprocessing = 0;
		};
/* End PBXSourcesBuildPhase section */

/* Begin PBXTargetDependency section */
		F4DADCF829E402AB009E5370 /* PBXTargetDependency */ = {
			isa = PBXTargetDependency;
			target = F4DADCDF29E402AA009E5370 /* Haptic */;
			targetProxy = F4DADCF729E402AB009E5370 /* PBXContainerItemProxy */;
		};
		F4DADD0229E402AB009E5370 /* PBXTargetDependency */ = {
			isa = PBXTargetDependency;
			target = F4DADCDF29E402AA009E5370 /* Haptic */;
			targetProxy = F4DADD0129E402AB009E5370 /* PBXContainerItemProxy */;
		};
/* End PBXTargetDependency section */

/* Begin PBXVariantGroup section */
		F4DADCE929E402AA009E5370 /* Main.storyboard */ = {
			isa = PBXVariantGroup;
			children = (
				F4DADCEA29E402AA009E5370 /* Base */,
			);
			name = Main.storyboard;
			sourceTree = "<group>";
		};
		F4DADCEE29E402AB009E5370 /* LaunchScreen.storyboard */ = {
			isa = PBXVariantGroup;
			children = (
				F4DADCEF29E402AB009E5370 /* Base */,
			);
			name = LaunchScreen.storyboard;
			sourceTree = "<group>";
		};
/* End PBXVariantGroup section */

/* Begin XCBuildConfiguration section */
		F4DADD0829E402AB009E5370 /* Debug */ = {
			isa = XCBuildConfiguration;
			buildSettings = {
				ALWAYS_SEARCH_USER_PATHS = NO;
				CLANG_ANALYZER_NONNULL = YES;
				CLANG_ANALYZER_NUMBER_OBJECT_CONVERSION = YES_AGGRESSIVE;
				CLANG_CXX_LANGUAGE_STANDARD = "gnu++20";
				CLANG_ENABLE_MODULES = YES;
				CLANG_ENABLE_OBJC_ARC = YES;
				CLANG_ENABLE_OBJC_WEAK = YES;
				CLANG_WARN_BLOCK_CAPTURE_AUTORELEASING = YES;
				CLANG_WARN_BOOL_CONVERSION = YES;
				CLANG_WARN_COMMA = YES;
				CLANG_WARN_CONSTANT_CONVERSION = YES;
				CLANG_WARN_DEPRECATED_OBJC_IMPLEMENTATIONS = YES;
				CLANG_WARN_DIRECT_OBJC_ISA_USAGE = YES_ERROR;
				CLANG_WARN_DOCUMENTATION_COMMENTS = YES;
				CLANG_WARN_EMPTY_BODY = YES;
				CLANG_WARN_ENUM_CONVERSION = YES;
				CLANG_WARN_INFINITE_RECURSION = YES;
				CLANG_WARN_INT_CONVERSION = YES;
				CLANG_WARN_NON_LITERAL_NULL_CONVERSION = YES;
				CLANG_WARN_OBJC_IMPLICIT_RETAIN_SELF = YES;
				CLANG_WARN_OBJC_LITERAL_CONVERSION = YES;
				CLANG_WARN_OBJC_ROOT_CLASS = YES_ERROR;
				CLANG_WARN_QUOTED_INCLUDE_IN_FRAMEWORK_HEADER = YES;
				CLANG_WARN_RANGE_LOOP_ANALYSIS = YES;
				CLANG_WARN_STRICT_PROTOTYPES = YES;
				CLANG_WARN_SUSPICIOUS_MOVE = YES;
				CLANG_WARN_UNGUARDED_AVAILABILITY = YES_AGGRESSIVE;
				CLANG_WARN_UNREACHABLE_CODE = YES;
				CLANG_WARN__DUPLICATE_METHOD_MATCH = YES;
				COPY_PHASE_STRIP = NO;
				DEBUG_INFORMATION_FORMAT = dwarf;
				ENABLE_STRICT_OBJC_MSGSEND = YES;
				ENABLE_TESTABILITY = YES;
				GCC_C_LANGUAGE_STANDARD = gnu11;
				GCC_DYNAMIC_NO_PIC = NO;
				GCC_NO_COMMON_BLOCKS = YES;
				GCC_OPTIMIZATION_LEVEL = 0;
				GCC_PREPROCESSOR_DEFINITIONS = (
					"DEBUG=1",
					"$(inherited)",
				);
				GCC_WARN_64_TO_32_BIT_CONVERSION = YES;
				GCC_WARN_ABOUT_RETURN_TYPE = YES_ERROR;
				GCC_WARN_UNDECLARED_SELECTOR = YES;
				GCC_WARN_UNINITIALIZED_AUTOS = YES_AGGRESSIVE;
				GCC_WARN_UNUSED_FUNCTION = YES;
				GCC_WARN_UNUSED_VARIABLE = YES;
				IPHONEOS_DEPLOYMENT_TARGET = 16.2;
				MTL_ENABLE_DEBUG_INFO = INCLUDE_SOURCE;
				MTL_FAST_MATH = YES;
				ONLY_ACTIVE_ARCH = YES;
				SDKROOT = iphoneos;
				SWIFT_ACTIVE_COMPILATION_CONDITIONS = DEBUG;
				SWIFT_OPTIMIZATION_LEVEL = "-Onone";
			};
			name = Debug;
		};
		F4DADD0929E402AB009E5370 /* Release */ = {
			isa = XCBuildConfiguration;
			buildSettings = {
				ALWAYS_SEARCH_USER_PATHS = NO;
				CLANG_ANALYZER_NONNULL = YES;
				CLANG_ANALYZER_NUMBER_OBJECT_CONVERSION = YES_AGGRESSIVE;
				CLANG_CXX_LANGUAGE_STANDARD = "gnu++20";
				CLANG_ENABLE_MODULES = YES;
				CLANG_ENABLE_OBJC_ARC = YES;
				CLANG_ENABLE_OBJC_WEAK = YES;
				CLANG_WARN_BLOCK_CAPTURE_AUTORELEASING = YES;
				CLANG_WARN_BOOL_CONVERSION = YES;
				CLANG_WARN_COMMA = YES;
				CLANG_WARN_CONSTANT_CONVERSION = YES;
				CLANG_WARN_DEPRECATED_OBJC_IMPLEMENTATIONS = YES;
				CLANG_WARN_DIRECT_OBJC_ISA_USAGE = YES_ERROR;
				CLANG_WARN_DOCUMENTATION_COMMENTS = YES;
				CLANG_WARN_EMPTY_BODY = YES;
				CLANG_WARN_ENUM_CONVERSION = YES;
				CLANG_WARN_INFINITE_RECURSION = YES;
				CLANG_WARN_INT_CONVERSION = YES;
				CLANG_WARN_NON_LITERAL_NULL_CONVERSION = YES;
				CLANG_WARN_OBJC_IMPLICIT_RETAIN_SELF = YES;
				CLANG_WARN_OBJC_LITERAL_CONVERSION = YES;
				CLANG_WARN_OBJC_ROOT_CLASS = YES_ERROR;
				CLANG_WARN_QUOTED_INCLUDE_IN_FRAMEWORK_HEADER = YES;
				CLANG_WARN_RANGE_LOOP_ANALYSIS = YES;
				CLANG_WARN_STRICT_PROTOTYPES = YES;
				CLANG_WARN_SUSPICIOUS_MOVE = YES;
				CLANG_WARN_UNGUARDED_AVAILABILITY = YES_AGGRESSIVE;
				CLANG_WARN_UNREACHABLE_CODE = YES;
				CLANG_WARN__DUPLICATE_METHOD_MATCH = YES;
				COPY_PHASE_STRIP = NO;
				DEBUG_INFORMATION_FORMAT = "dwarf-with-dsym";
				ENABLE_NS_ASSERTIONS = NO;
				ENABLE_STRICT_OBJC_MSGSEND = YES;
				GCC_C_LANGUAGE_STANDARD = gnu11;
				GCC_NO_COMMON_BLOCKS = YES;
				GCC_WARN_64_TO_32_BIT_CONVERSION = YES;
				GCC_WARN_ABOUT_RETURN_TYPE = YES_ERROR;
				GCC_WARN_UNDECLARED_SELECTOR = YES;
				GCC_WARN_UNINITIALIZED_AUTOS = YES_AGGRESSIVE;
				GCC_WARN_UNUSED_FUNCTION = YES;
				GCC_WARN_UNUSED_VARIABLE = YES;
				IPHONEOS_DEPLOYMENT_TARGET = 16.2;
				MTL_ENABLE_DEBUG_INFO = NO;
				MTL_FAST_MATH = YES;
				SDKROOT = iphoneos;
				SWIFT_COMPILATION_MODE = wholemodule;
				SWIFT_OPTIMIZATION_LEVEL = "-O";
				VALIDATE_PRODUCT = YES;
			};
			name = Release;
		};
		F4DADD0B29E402AB009E5370 /* Debug */ = {
			isa = XCBuildConfiguration;
			buildSettings = {
				ASSETCATALOG_COMPILER_APPICON_NAME = AppIcon;
				ASSETCATALOG_COMPILER_GLOBAL_ACCENT_COLOR_NAME = AccentColor;
				CODE_SIGN_STYLE = Automatic;
				CURRENT_PROJECT_VERSION = 1;
				DEVELOPMENT_TEAM = 5SS863TN6D;
				GENERATE_INFOPLIST_FILE = YES;
				INFOPLIST_FILE = Haptic/Info.plist;
				INFOPLIST_KEY_UIApplicationSupportsIndirectInputEvents = YES;
				INFOPLIST_KEY_UILaunchStoryboardName = LaunchScreen;
				INFOPLIST_KEY_UIMainStoryboardFile = Main;
				INFOPLIST_KEY_UISupportedInterfaceOrientations_iPad = "UIInterfaceOrientationPortrait UIInterfaceOrientationPortraitUpsideDown UIInterfaceOrientationLandscapeLeft UIInterfaceOrientationLandscapeRight";
				INFOPLIST_KEY_UISupportedInterfaceOrientations_iPhone = "UIInterfaceOrientationPortrait UIInterfaceOrientationLandscapeLeft UIInterfaceOrientationLandscapeRight";
				LD_RUNPATH_SEARCH_PATHS = (
					"$(inherited)",
					"@executable_path/Frameworks",
				);
				MARKETING_VERSION = 1.0;
				PRODUCT_BUNDLE_IDENTIFIER = com.niko.Haptic;
				PRODUCT_NAME = "$(TARGET_NAME)";
				SWIFT_EMIT_LOC_STRINGS = YES;
				SWIFT_VERSION = 5.0;
				TARGETED_DEVICE_FAMILY = "1,2";
			};
			name = Debug;
		};
		F4DADD0C29E402AB009E5370 /* Release */ = {
			isa = XCBuildConfiguration;
			buildSettings = {
				ASSETCATALOG_COMPILER_APPICON_NAME = AppIcon;
				ASSETCATALOG_COMPILER_GLOBAL_ACCENT_COLOR_NAME = AccentColor;
				CODE_SIGN_STYLE = Automatic;
				CURRENT_PROJECT_VERSION = 1;
				DEVELOPMENT_TEAM = 5SS863TN6D;
				GENERATE_INFOPLIST_FILE = YES;
				INFOPLIST_FILE = Haptic/Info.plist;
				INFOPLIST_KEY_UIApplicationSupportsIndirectInputEvents = YES;
				INFOPLIST_KEY_UILaunchStoryboardName = LaunchScreen;
				INFOPLIST_KEY_UIMainStoryboardFile = Main;
				INFOPLIST_KEY_UISupportedInterfaceOrientations_iPad = "UIInterfaceOrientationPortrait UIInterfaceOrientationPortraitUpsideDown UIInterfaceOrientationLandscapeLeft UIInterfaceOrientationLandscapeRight";
				INFOPLIST_KEY_UISupportedInterfaceOrientations_iPhone = "UIInterfaceOrientationPortrait UIInterfaceOrientationLandscapeLeft UIInterfaceOrientationLandscapeRight";
				LD_RUNPATH_SEARCH_PATHS = (
					"$(inherited)",
					"@executable_path/Frameworks",
				);
				MARKETING_VERSION = 1.0;
				PRODUCT_BUNDLE_IDENTIFIER = com.niko.Haptic;
				PRODUCT_NAME = "$(TARGET_NAME)";
				SWIFT_EMIT_LOC_STRINGS = YES;
				SWIFT_VERSION = 5.0;
				TARGETED_DEVICE_FAMILY = "1,2";
			};
			name = Release;
		};
		F4DADD0E29E402AB009E5370 /* Debug */ = {
			isa = XCBuildConfiguration;
			buildSettings = {
				ALWAYS_EMBED_SWIFT_STANDARD_LIBRARIES = YES;
				BUNDLE_LOADER = "$(TEST_HOST)";
				CODE_SIGN_STYLE = Automatic;
				CURRENT_PROJECT_VERSION = 1;
				DEVELOPMENT_TEAM = 5SS863TN6D;
				GENERATE_INFOPLIST_FILE = YES;
				IPHONEOS_DEPLOYMENT_TARGET = 16.2;
				MARKETING_VERSION = 1.0;
				PRODUCT_BUNDLE_IDENTIFIER = com.niko.HapticTests;
				PRODUCT_NAME = "$(TARGET_NAME)";
				SWIFT_EMIT_LOC_STRINGS = NO;
				SWIFT_VERSION = 5.0;
				TARGETED_DEVICE_FAMILY = "1,2";
				TEST_HOST = "$(BUILT_PRODUCTS_DIR)/Haptic.app/$(BUNDLE_EXECUTABLE_FOLDER_PATH)/Haptic";
			};
			name = Debug;
		};
		F4DADD0F29E402AB009E5370 /* Release */ = {
			isa = XCBuildConfiguration;
			buildSettings = {
				ALWAYS_EMBED_SWIFT_STANDARD_LIBRARIES = YES;
				BUNDLE_LOADER = "$(TEST_HOST)";
				CODE_SIGN_STYLE = Automatic;
				CURRENT_PROJECT_VERSION = 1;
				DEVELOPMENT_TEAM = 5SS863TN6D;
				GENERATE_INFOPLIST_FILE = YES;
				IPHONEOS_DEPLOYMENT_TARGET = 16.2;
				MARKETING_VERSION = 1.0;
				PRODUCT_BUNDLE_IDENTIFIER = com.niko.HapticTests;
				PRODUCT_NAME = "$(TARGET_NAME)";
				SWIFT_EMIT_LOC_STRINGS = NO;
				SWIFT_VERSION = 5.0;
				TARGETED_DEVICE_FAMILY = "1,2";
				TEST_HOST = "$(BUILT_PRODUCTS_DIR)/Haptic.app/$(BUNDLE_EXECUTABLE_FOLDER_PATH)/Haptic";
			};
			name = Release;
		};
		F4DADD1129E402AB009E5370 /* Debug */ = {
			isa = XCBuildConfiguration;
			buildSettings = {
				ALWAYS_EMBED_SWIFT_STANDARD_LIBRARIES = YES;
				CODE_SIGN_STYLE = Automatic;
				CURRENT_PROJECT_VERSION = 1;
				DEVELOPMENT_TEAM = 5SS863TN6D;
				GENERATE_INFOPLIST_FILE = YES;
				MARKETING_VERSION = 1.0;
				PRODUCT_BUNDLE_IDENTIFIER = com.niko.HapticUITests;
				PRODUCT_NAME = "$(TARGET_NAME)";
				SWIFT_EMIT_LOC_STRINGS = NO;
				SWIFT_VERSION = 5.0;
				TARGETED_DEVICE_FAMILY = "1,2";
				TEST_TARGET_NAME = Haptic;
			};
			name = Debug;
		};
		F4DADD1229E402AB009E5370 /* Release */ = {
			isa = XCBuildConfiguration;
			buildSettings = {
				ALWAYS_EMBED_SWIFT_STANDARD_LIBRARIES = YES;
				CODE_SIGN_STYLE = Automatic;
				CURRENT_PROJECT_VERSION = 1;
				DEVELOPMENT_TEAM = 5SS863TN6D;
				GENERATE_INFOPLIST_FILE = YES;
				MARKETING_VERSION = 1.0;
				PRODUCT_BUNDLE_IDENTIFIER = com.niko.HapticUITests;
				PRODUCT_NAME = "$(TARGET_NAME)";
				SWIFT_EMIT_LOC_STRINGS = NO;
				SWIFT_VERSION = 5.0;
				TARGETED_DEVICE_FAMILY = "1,2";
				TEST_TARGET_NAME = Haptic;
			};
			name = Release;
		};
/* End XCBuildConfiguration section */

/* Begin XCConfigurationList section */
		F4DADCDB29E402AA009E5370 /* Build configuration list for PBXProject "Haptic" */ = {
			isa = XCConfigurationList;
			buildConfigurations = (
				F4DADD0829E402AB009E5370 /* Debug */,
				F4DADD0929E402AB009E5370 /* Release */,
			);
			defaultConfigurationIsVisible = 0;
			defaultConfigurationName = Release;
		};
		F4DADD0A29E402AB009E5370 /* Build configuration list for PBXNativeTarget "Haptic" */ = {
			isa = XCConfigurationList;
			buildConfigurations = (
				F4DADD0B29E402AB009E5370 /* Debug */,
				F4DADD0C29E402AB009E5370 /* Release */,
			);
			defaultConfigurationIsVisible = 0;
			defaultConfigurationName = Release;
		};
		F4DADD0D29E402AB009E5370 /* Build configuration list for PBXNativeTarget "HapticTests" */ = {
			isa = XCConfigurationList;
			buildConfigurations = (
				F4DADD0E29E402AB009E5370 /* Debug */,
				F4DADD0F29E402AB009E5370 /* Release */,
			);
			defaultConfigurationIsVisible = 0;
			defaultConfigurationName = Release;
		};
		F4DADD1029E402AB009E5370 /* Build configuration list for PBXNativeTarget "HapticUITests" */ = {
			isa = XCConfigurationList;
			buildConfigurations = (
				F4DADD1129E402AB009E5370 /* Debug */,
				F4DADD1229E402AB009E5370 /* Release */,
			);
			defaultConfigurationIsVisible = 0;
			defaultConfigurationName = Release;
		};
/* End XCConfigurationList section */
	};
	rootObject = F4DADCD829E402AA009E5370 /* Project object */;
}
